
Microsoft Visual Studio Solution File, Format Version 12.00
# Visual Studio Version 17
VisualStudioVersion = 17.0.31903.59
MinimumVisualStudioVersion = 10.0.40219.1
Project("{2150E333-8FDC-42A3-9474-1A3956D46DE8}") = "src", "src", "{0D188B01-8AE4-487A-A182-32414A2E0553}"
EndProject
Project("{9A19103F-16F7-4668-BE54-9A1E7A4F7556}") = "ClaimsPlugin.Api", "src\ClaimsPlugin.Api\ClaimsPlugin.Api.csproj", "{2F1BF293-431A-4609-B3C6-8AF3265A25A7}"
EndProject
Project("{9A19103F-16F7-4668-BE54-9A1E7A4F7556}") = "ClaimsPlugin.Domain", "src\ClaimsPlugin.Domain\ClaimsPlugin.Domain.csproj", "{A5F5F63E-B4E7-4C5D-9D66-685AD7593AB0}"
EndProject
Project("{9A19103F-16F7-4668-BE54-9A1E7A4F7556}") = "ClaimsPlugin.Infrastructure", "src\ClaimsPlugin.Infrastructure\ClaimsPlugin.Infrastructure.csproj", "{CB861EFF-1970-4CB7-972C-D5393354F5BD}"
EndProject
Project("{9A19103F-16F7-4668-BE54-9A1E7A4F7556}") = "ClaimsPlugin.Service", "src\ClaimsPlugin.Service\ClaimsPlugin.Service.csproj", "{A3F3A43F-23F9-4515-91C1-A33FC12360FA}"
EndProject
Project("{9A19103F-16F7-4668-BE54-9A1E7A4F7556}") = "ClaimsPlugin.Shared", "src\ClaimsPlugin.Shared\ClaimsPlugin.Shared.csproj", "{FCFB284D-DF4B-4D9F-861C-5585CA64255F}"
EndProject
Project("{9A19103F-16F7-4668-BE54-9A1E7A4F7556}") = "ClaimsPlugin.Application", "src\ClaimsPlugin.Application\ClaimsPlugin.Application.csproj", "{119A56DC-696E-44A6-AE04-5C941CF047C3}"
EndProject
Global
	GlobalSection(SolutionConfigurationPlatforms) = preSolution
		Debug|Any CPU = Debug|Any CPU
		Release|Any CPU = Release|Any CPU
	EndGlobalSection
	GlobalSection(ProjectConfigurationPlatforms) = postSolution
		{2F1BF293-431A-4609-B3C6-8AF3265A25A7}.Debug|Any CPU.ActiveCfg = Debug|Any CPU
		{2F1BF293-431A-4609-B3C6-8AF3265A25A7}.Debug|Any CPU.Build.0 = Debug|Any CPU
		{2F1BF293-431A-4609-B3C6-8AF3265A25A7}.Release|Any CPU.ActiveCfg = Release|Any CPU
		{2F1BF293-431A-4609-B3C6-8AF3265A25A7}.Release|Any CPU.Build.0 = Release|Any CPU
		{A5F5F63E-B4E7-4C5D-9D66-685AD7593AB0}.Debug|Any CPU.ActiveCfg = Debug|Any CPU
		{A5F5F63E-B4E7-4C5D-9D66-685AD7593AB0}.Debug|Any CPU.Build.0 = Debug|Any CPU
		{A5F5F63E-B4E7-4C5D-9D66-685AD7593AB0}.Release|Any CPU.ActiveCfg = Release|Any CPU
		{A5F5F63E-B4E7-4C5D-9D66-685AD7593AB0}.Release|Any CPU.Build.0 = Release|Any CPU
		{CB861EFF-1970-4CB7-972C-D5393354F5BD}.Debug|Any CPU.ActiveCfg = Debug|Any CPU
		{CB861EFF-1970-4CB7-972C-D5393354F5BD}.Debug|Any CPU.Build.0 = Debug|Any CPU
		{CB861EFF-1970-4CB7-972C-D5393354F5BD}.Release|Any CPU.ActiveCfg = Release|Any CPU
		{CB861EFF-1970-4CB7-972C-D5393354F5BD}.Release|Any CPU.Build.0 = Release|Any CPU
		{A3F3A43F-23F9-4515-91C1-A33FC12360FA}.Debug|Any CPU.ActiveCfg = Debug|Any CPU
		{A3F3A43F-23F9-4515-91C1-A33FC12360FA}.Debug|Any CPU.Build.0 = Debug|Any CPU
		{A3F3A43F-23F9-4515-91C1-A33FC12360FA}.Release|Any CPU.ActiveCfg = Release|Any CPU
		{A3F3A43F-23F9-4515-91C1-A33FC12360FA}.Release|Any CPU.Build.0 = Release|Any CPU
		{FCFB284D-DF4B-4D9F-861C-5585CA64255F}.Debug|Any CPU.ActiveCfg = Debug|Any CPU
		{FCFB284D-DF4B-4D9F-861C-5585CA64255F}.Debug|Any CPU.Build.0 = Debug|Any CPU
		{FCFB284D-DF4B-4D9F-861C-5585CA64255F}.Release|Any CPU.ActiveCfg = Release|Any CPU
		{FCFB284D-DF4B-4D9F-861C-5585CA64255F}.Release|Any CPU.Build.0 = Release|Any CPU
		{119A56DC-696E-44A6-AE04-5C941CF047C3}.Debug|Any CPU.ActiveCfg = Debug|Any CPU
		{119A56DC-696E-44A6-AE04-5C941CF047C3}.Debug|Any CPU.Build.0 = Debug|Any CPU
		{119A56DC-696E-44A6-AE04-5C941CF047C3}.Release|Any CPU.ActiveCfg = Release|Any CPU
		{119A56DC-696E-44A6-AE04-5C941CF047C3}.Release|Any CPU.Build.0 = Release|Any CPU
	EndGlobalSection
	GlobalSection(SolutionProperties) = preSolution
		HideSolutionNode = FALSE
	EndGlobalSection
	GlobalSection(NestedProjects) = preSolution
		{2F1BF293-431A-4609-B3C6-8AF3265A25A7} = {0D188B01-8AE4-487A-A182-32414A2E0553}
		{A5F5F63E-B4E7-4C5D-9D66-685AD7593AB0} = {0D188B01-8AE4-487A-A182-32414A2E0553}
		{CB861EFF-1970-4CB7-972C-D5393354F5BD} = {0D188B01-8AE4-487A-A182-32414A2E0553}
		{A3F3A43F-23F9-4515-91C1-A33FC12360FA} = {0D188B01-8AE4-487A-A182-32414A2E0553}
		{FCFB284D-DF4B-4D9F-861C-5585CA64255F} = {0D188B01-8AE4-487A-A182-32414A2E0553}
		{119A56DC-696E-44A6-AE04-5C941CF047C3} = {0D188B01-8AE4-487A-A182-32414A2E0553}
	EndGlobalSection
	GlobalSection(ExtensibilityGlobals) = postSolution
		SolutionGuid = {B4939976-B3A8-44A3-BD07-B920F6ED6661}
	EndGlobalSection
EndGlobal
